
Microsoft Visual Studio Solution File, Format Version 12.00
# Visual Studio Version 17
VisualStudioVersion = 17.6.33712.159
MinimumVisualStudioVersion = 10.0.40219.1
Project("{2150E333-8FDC-42A3-9474-1A3956D46DE8}") = "Capstone.Presentation", "Capstone.Presentation", "{E190C01B-994F-42D2-983A-6AA02A2E27EB}"
EndProject
Project("{2150E333-8FDC-42A3-9474-1A3956D46DE8}") = "Capstone.Application", "Capstone.Application", "{7D8BDCD0-6F14-4608-BF83-B702C0F44115}"
EndProject
Project("{2150E333-8FDC-42A3-9474-1A3956D46DE8}") = "Capstone.Domain", "Capstone.Domain", "{0562A6AF-E8FE-485E-A74B-52077899489F}"
EndProject
Project("{2150E333-8FDC-42A3-9474-1A3956D46DE8}") = "Capstone.Infracstructure", "Capstone.Infracstructure", "{ED390E6D-E04C-4D66-8051-F8B3FEC36ACB}"
EndProject
Project("{FAE04EC0-301F-11D3-BF4B-00C04F79EFBC}") = "UseCase", "UseCase\UseCase.csproj", "{BBB602CB-291E-4C02-8B06-62933DEDEBC8}"
EndProject
Project("{FAE04EC0-301F-11D3-BF4B-00C04F79EFBC}") = "Interface", "Interface\Interface.csproj", "{1FAF0CF8-9C1E-41B0-89CA-7E2D2C3E23CB}"
EndProject
Project("{FAE04EC0-301F-11D3-BF4B-00C04F79EFBC}") = "Entities", "Entity\Entities.csproj", "{7BB1C06E-0E30-413D-AE40-A8AE39372088}"
EndProject
Project("{FAE04EC0-301F-11D3-BF4B-00C04F79EFBC}") = "Repositories", "Repositories\Repositories.csproj", "{1DCCC09E-2D99-43E6-83CB-02AC5F39DE2A}"
EndProject
Project("{FAE04EC0-301F-11D3-BF4B-00C04F79EFBC}") = "Services", "Services\Services.csproj", "{8A1CF73A-CCAD-4BB9-8FB1-3C0EAB35F3F2}"
EndProject
Project("{FAE04EC0-301F-11D3-BF4B-00C04F79EFBC}") = "Capstone.API", "Controller\Capstone.API.csproj", "{B9B640CF-307C-48C9-9FFC-4B4FC0516FC1}"
EndProject
Project("{FAE04EC0-301F-11D3-BF4B-00C04F79EFBC}") = "UseTest", "UserTest\UseTest.csproj", "{DB9E21B6-8969-4CDE-9687-0D6A1CB9D38D}"
EndProject
Project("{FAE04EC0-301F-11D3-BF4B-00C04F79EFBC}") = "Request.Input", "Request.Input\Request.Input.csproj", "{5568FBEB-32A5-4F47-BEC5-C564D416A8F1}"
EndProject
Project("{FAE04EC0-301F-11D3-BF4B-00C04F79EFBC}") = "Responses.Output", "Output.Response\Responses.Output.csproj", "{655E466C-9A3F-4268-BC72-A4FED53A1DB7}"
EndProject
Project("{FAE04EC0-301F-11D3-BF4B-00C04F79EFBC}") = "Mapper", "Mapper\Mapper.csproj", "{F52A6A23-E261-4B4C-9120-5BF9FADFCB60}"
EndProject
Project("{FAE04EC0-301F-11D3-BF4B-00C04F79EFBC}") = "DbContext", "DbContext\DbContext.csproj", "{B5342451-160E-4503-89E9-9AA605A2DBDE}"
EndProject
Project("{FAE04EC0-301F-11D3-BF4B-00C04F79EFBC}") = "GateWay", "GateWay\GateWay.csproj", "{A79AD794-98DA-4AA6-BA2E-215E5ACC16A5}"
EndProject
Project("{FAE04EC0-301F-11D3-BF4B-00C04F79EFBC}") = "FluentValidation", "FluentValidation\FluentValidation.csproj", "{50E0B654-BA9C-421F-98E2-E44763B92167}"
EndProject
Global
	GlobalSection(SolutionConfigurationPlatforms) = preSolution
		Debug|Any CPU = Debug|Any CPU
		Release|Any CPU = Release|Any CPU
	EndGlobalSection
	GlobalSection(ProjectConfigurationPlatforms) = postSolution
		{BBB602CB-291E-4C02-8B06-62933DEDEBC8}.Debug|Any CPU.ActiveCfg = Debug|Any CPU
		{BBB602CB-291E-4C02-8B06-62933DEDEBC8}.Debug|Any CPU.Build.0 = Debug|Any CPU
		{BBB602CB-291E-4C02-8B06-62933DEDEBC8}.Release|Any CPU.ActiveCfg = Release|Any CPU
		{BBB602CB-291E-4C02-8B06-62933DEDEBC8}.Release|Any CPU.Build.0 = Release|Any CPU
		{1FAF0CF8-9C1E-41B0-89CA-7E2D2C3E23CB}.Debug|Any CPU.ActiveCfg = Debug|Any CPU
		{1FAF0CF8-9C1E-41B0-89CA-7E2D2C3E23CB}.Debug|Any CPU.Build.0 = Debug|Any CPU
		{1FAF0CF8-9C1E-41B0-89CA-7E2D2C3E23CB}.Release|Any CPU.ActiveCfg = Release|Any CPU
		{1FAF0CF8-9C1E-41B0-89CA-7E2D2C3E23CB}.Release|Any CPU.Build.0 = Release|Any CPU
		{7BB1C06E-0E30-413D-AE40-A8AE39372088}.Debug|Any CPU.ActiveCfg = Debug|Any CPU
		{7BB1C06E-0E30-413D-AE40-A8AE39372088}.Debug|Any CPU.Build.0 = Debug|Any CPU
		{7BB1C06E-0E30-413D-AE40-A8AE39372088}.Release|Any CPU.ActiveCfg = Release|Any CPU
		{7BB1C06E-0E30-413D-AE40-A8AE39372088}.Release|Any CPU.Build.0 = Release|Any CPU
		{1DCCC09E-2D99-43E6-83CB-02AC5F39DE2A}.Debug|Any CPU.ActiveCfg = Debug|Any CPU
		{1DCCC09E-2D99-43E6-83CB-02AC5F39DE2A}.Debug|Any CPU.Build.0 = Debug|Any CPU
		{1DCCC09E-2D99-43E6-83CB-02AC5F39DE2A}.Release|Any CPU.ActiveCfg = Release|Any CPU
		{1DCCC09E-2D99-43E6-83CB-02AC5F39DE2A}.Release|Any CPU.Build.0 = Release|Any CPU
		{8A1CF73A-CCAD-4BB9-8FB1-3C0EAB35F3F2}.Debug|Any CPU.ActiveCfg = Debug|Any CPU
		{8A1CF73A-CCAD-4BB9-8FB1-3C0EAB35F3F2}.Debug|Any CPU.Build.0 = Debug|Any CPU
		{8A1CF73A-CCAD-4BB9-8FB1-3C0EAB35F3F2}.Release|Any CPU.ActiveCfg = Release|Any CPU
		{8A1CF73A-CCAD-4BB9-8FB1-3C0EAB35F3F2}.Release|Any CPU.Build.0 = Release|Any CPU
		{B9B640CF-307C-48C9-9FFC-4B4FC0516FC1}.Debug|Any CPU.ActiveCfg = Debug|Any CPU
		{B9B640CF-307C-48C9-9FFC-4B4FC0516FC1}.Debug|Any CPU.Build.0 = Debug|Any CPU
		{B9B640CF-307C-48C9-9FFC-4B4FC0516FC1}.Release|Any CPU.ActiveCfg = Release|Any CPU
		{B9B640CF-307C-48C9-9FFC-4B4FC0516FC1}.Release|Any CPU.Build.0 = Release|Any CPU
		{DB9E21B6-8969-4CDE-9687-0D6A1CB9D38D}.Debug|Any CPU.ActiveCfg = Debug|Any CPU
		{DB9E21B6-8969-4CDE-9687-0D6A1CB9D38D}.Debug|Any CPU.Build.0 = Debug|Any CPU
		{DB9E21B6-8969-4CDE-9687-0D6A1CB9D38D}.Release|Any CPU.ActiveCfg = Release|Any CPU
		{DB9E21B6-8969-4CDE-9687-0D6A1CB9D38D}.Release|Any CPU.Build.0 = Release|Any CPU
		{5568FBEB-32A5-4F47-BEC5-C564D416A8F1}.Debug|Any CPU.ActiveCfg = Debug|Any CPU
		{5568FBEB-32A5-4F47-BEC5-C564D416A8F1}.Debug|Any CPU.Build.0 = Debug|Any CPU
		{5568FBEB-32A5-4F47-BEC5-C564D416A8F1}.Release|Any CPU.ActiveCfg = Release|Any CPU
		{5568FBEB-32A5-4F47-BEC5-C564D416A8F1}.Release|Any CPU.Build.0 = Release|Any CPU
		{655E466C-9A3F-4268-BC72-A4FED53A1DB7}.Debug|Any CPU.ActiveCfg = Debug|Any CPU
		{655E466C-9A3F-4268-BC72-A4FED53A1DB7}.Debug|Any CPU.Build.0 = Debug|Any CPU
		{655E466C-9A3F-4268-BC72-A4FED53A1DB7}.Release|Any CPU.ActiveCfg = Release|Any CPU
		{655E466C-9A3F-4268-BC72-A4FED53A1DB7}.Release|Any CPU.Build.0 = Release|Any CPU
		{F52A6A23-E261-4B4C-9120-5BF9FADFCB60}.Debug|Any CPU.ActiveCfg = Debug|Any CPU
		{F52A6A23-E261-4B4C-9120-5BF9FADFCB60}.Debug|Any CPU.Build.0 = Debug|Any CPU
		{F52A6A23-E261-4B4C-9120-5BF9FADFCB60}.Release|Any CPU.ActiveCfg = Release|Any CPU
		{F52A6A23-E261-4B4C-9120-5BF9FADFCB60}.Release|Any CPU.Build.0 = Release|Any CPU
		{B5342451-160E-4503-89E9-9AA605A2DBDE}.Debug|Any CPU.ActiveCfg = Debug|Any CPU
		{B5342451-160E-4503-89E9-9AA605A2DBDE}.Debug|Any CPU.Build.0 = Debug|Any CPU
		{B5342451-160E-4503-89E9-9AA605A2DBDE}.Release|Any CPU.ActiveCfg = Release|Any CPU
		{B5342451-160E-4503-89E9-9AA605A2DBDE}.Release|Any CPU.Build.0 = Release|Any CPU
		{A79AD794-98DA-4AA6-BA2E-215E5ACC16A5}.Debug|Any CPU.ActiveCfg = Debug|Any CPU
		{A79AD794-98DA-4AA6-BA2E-215E5ACC16A5}.Debug|Any CPU.Build.0 = Debug|Any CPU
		{A79AD794-98DA-4AA6-BA2E-215E5ACC16A5}.Release|Any CPU.ActiveCfg = Release|Any CPU
		{A79AD794-98DA-4AA6-BA2E-215E5ACC16A5}.Release|Any CPU.Build.0 = Release|Any CPU
		{50E0B654-BA9C-421F-98E2-E44763B92167}.Debug|Any CPU.ActiveCfg = Debug|Any CPU
		{50E0B654-BA9C-421F-98E2-E44763B92167}.Debug|Any CPU.Build.0 = Debug|Any CPU
		{50E0B654-BA9C-421F-98E2-E44763B92167}.Release|Any CPU.ActiveCfg = Release|Any CPU
		{50E0B654-BA9C-421F-98E2-E44763B92167}.Release|Any CPU.Build.0 = Release|Any CPU
	EndGlobalSection
	GlobalSection(SolutionProperties) = preSolution
		HideSolutionNode = FALSE
	EndGlobalSection
	GlobalSection(NestedProjects) = preSolution
		{BBB602CB-291E-4C02-8B06-62933DEDEBC8} = {7D8BDCD0-6F14-4608-BF83-B702C0F44115}
		{1FAF0CF8-9C1E-41B0-89CA-7E2D2C3E23CB} = {7D8BDCD0-6F14-4608-BF83-B702C0F44115}
		{7BB1C06E-0E30-413D-AE40-A8AE39372088} = {0562A6AF-E8FE-485E-A74B-52077899489F}
		{1DCCC09E-2D99-43E6-83CB-02AC5F39DE2A} = {ED390E6D-E04C-4D66-8051-F8B3FEC36ACB}
		{8A1CF73A-CCAD-4BB9-8FB1-3C0EAB35F3F2} = {ED390E6D-E04C-4D66-8051-F8B3FEC36ACB}
		{B9B640CF-307C-48C9-9FFC-4B4FC0516FC1} = {E190C01B-994F-42D2-983A-6AA02A2E27EB}
		{DB9E21B6-8969-4CDE-9687-0D6A1CB9D38D} = {7D8BDCD0-6F14-4608-BF83-B702C0F44115}
		{5568FBEB-32A5-4F47-BEC5-C564D416A8F1} = {E190C01B-994F-42D2-983A-6AA02A2E27EB}
		{655E466C-9A3F-4268-BC72-A4FED53A1DB7} = {E190C01B-994F-42D2-983A-6AA02A2E27EB}
		{F52A6A23-E261-4B4C-9120-5BF9FADFCB60} = {7D8BDCD0-6F14-4608-BF83-B702C0F44115}
		{B5342451-160E-4503-89E9-9AA605A2DBDE} = {ED390E6D-E04C-4D66-8051-F8B3FEC36ACB}
		{A79AD794-98DA-4AA6-BA2E-215E5ACC16A5} = {E190C01B-994F-42D2-983A-6AA02A2E27EB}
		{50E0B654-BA9C-421F-98E2-E44763B92167} = {7D8BDCD0-6F14-4608-BF83-B702C0F44115}
	EndGlobalSection
	GlobalSection(ExtensibilityGlobals) = postSolution
		SolutionGuid = {BB61B23E-3F47-4FAD-AF5F-A3311F6FE17E}
	EndGlobalSection
EndGlobal
